
Microsoft Visual Studio Solution File, Format Version 12.00
# Visual Studio Version 17
VisualStudioVersion = 17.8.34330.188
MinimumVisualStudioVersion = 10.0.40219.1
Project("{FAE04EC0-301F-11D3-BF4B-00C04F79EFBC}") = "Конструкторы, акселираторы, модификатор доступа", "Конструкторы, акселираторы, модификатор доступа\Конструкторы, акселираторы, модификатор доступа.csproj", "{550C983F-E478-434E-9A37-2659BFE62523}"
EndProject
Project("{FAE04EC0-301F-11D3-BF4B-00C04F79EFBC}") = "ООП", "ООП\ООП.csproj", "{9B72CB1B-E068-4EEB-9DBD-802195BEBD3A}"
EndProject
Global
	GlobalSection(SolutionConfigurationPlatforms) = preSolution
		Debug|Any CPU = Debug|Any CPU
		Release|Any CPU = Release|Any CPU
	EndGlobalSection
	GlobalSection(ProjectConfigurationPlatforms) = postSolution
		{550C983F-E478-434E-9A37-2659BFE62523}.Debug|Any CPU.ActiveCfg = Debug|Any CPU
		{550C983F-E478-434E-9A37-2659BFE62523}.Debug|Any CPU.Build.0 = Debug|Any CPU
		{550C983F-E478-434E-9A37-2659BFE62523}.Release|Any CPU.ActiveCfg = Release|Any CPU
		{550C983F-E478-434E-9A37-2659BFE62523}.Release|Any CPU.Build.0 = Release|Any CPU
		{9B72CB1B-E068-4EEB-9DBD-802195BEBD3A}.Debug|Any CPU.ActiveCfg = Debug|Any CPU
		{9B72CB1B-E068-4EEB-9DBD-802195BEBD3A}.Debug|Any CPU.Build.0 = Debug|Any CPU
		{9B72CB1B-E068-4EEB-9DBD-802195BEBD3A}.Release|Any CPU.ActiveCfg = Release|Any CPU
		{9B72CB1B-E068-4EEB-9DBD-802195BEBD3A}.Release|Any CPU.Build.0 = Release|Any CPU
	EndGlobalSection
	GlobalSection(SolutionProperties) = preSolution
		HideSolutionNode = FALSE
	EndGlobalSection
	GlobalSection(ExtensibilityGlobals) = postSolution
		SolutionGuid = {B6198D62-9907-418D-8E24-2BA43C31A9AC}
	EndGlobalSection
EndGlobal
